// !$*UTF8*$!
{
	archiveVersion = 1;
	classes = {
	};
	objectVersion = 46;
	objects = {

/* Begin PBXBuildFile section */
		EF0F04AF1E146D5D002B9962 /* AppDelegate.swift in Sources */ = {isa = PBXBuildFile; fileRef = EF0F04AE1E146D5D002B9962 /* AppDelegate.swift */; };
		EF0F04B21E146D5D002B9962 /* Main.storyboard in Resources */ = {isa = PBXBuildFile; fileRef = EF0F04B01E146D5D002B9962 /* Main.storyboard */; };
		EF0F04B41E146D5D002B9962 /* Assets.xcassets in Resources */ = {isa = PBXBuildFile; fileRef = EF0F04B31E146D5D002B9962 /* Assets.xcassets */; };
		EF0F04B71E146D5D002B9962 /* LaunchScreen.storyboard in Resources */ = {isa = PBXBuildFile; fileRef = EF0F04B51E146D5D002B9962 /* LaunchScreen.storyboard */; };
		EF0F04C21E146D5D002B9962 /* tip_calcTests.swift in Sources */ = {isa = PBXBuildFile; fileRef = EF0F04C11E146D5D002B9962 /* tip_calcTests.swift */; };
		EF0F04CD1E146D5D002B9962 /* tip_calcUITests.swift in Sources */ = {isa = PBXBuildFile; fileRef = EF0F04CC1E146D5D002B9962 /* tip_calcUITests.swift */; };
		EF22608C1FB19530005A9B25 /* iphone_portrait_6_@2x.png in Resources */ = {isa = PBXBuildFile; fileRef = EF22608B1FB19530005A9B25 /* iphone_portrait_6_@2x.png */; };
		EF22608E1FB197D4005A9B25 /* Assets in Resources */ = {isa = PBXBuildFile; fileRef = EF22608D1FB197D4005A9B25 /* Assets */; };
		EF2260901FB197F2005A9B25 /* Icon-60@3x.png in Resources */ = {isa = PBXBuildFile; fileRef = EF22608F1FB197F2005A9B25 /* Icon-60@3x.png */; };
		EF771F431E20EC0100FF876F /* SettingsViewController.swift in Sources */ = {isa = PBXBuildFile; fileRef = EF771F421E20EC0100FF876F /* SettingsViewController.swift */; };
		EF9AA8621E30C1F4000D62A4 /* Style.swift in Sources */ = {isa = PBXBuildFile; fileRef = EF9AA8611E30C1F4000D62A4 /* Style.swift */; };
		EFFF41BB1E30E83F003E42A4 /* ViewController.swift in Sources */ = {isa = PBXBuildFile; fileRef = EFFF41BA1E30E83F003E42A4 /* ViewController.swift */; };
/* End PBXBuildFile section */

/* Begin PBXContainerItemProxy section */
		EF0F04BE1E146D5D002B9962 /* PBXContainerItemProxy */ = {
			isa = PBXContainerItemProxy;
			containerPortal = EF0F04A11E146D5D002B9962 /* Project object */;
			proxyType = 1;
			remoteGlobalIDString = EF0F04A81E146D5D002B9962;
			remoteInfo = tip_calc;
		};
		EF0F04C91E146D5D002B9962 /* PBXContainerItemProxy */ = {
			isa = PBXContainerItemProxy;
			containerPortal = EF0F04A11E146D5D002B9962 /* Project object */;
			proxyType = 1;
			remoteGlobalIDString = EF0F04A81E146D5D002B9962;
			remoteInfo = tip_calc;
		};
/* End PBXContainerItemProxy section */

/* Begin PBXFileReference section */
		EF0F04A91E146D5D002B9962 /* tip_calc.app */ = {isa = PBXFileReference; explicitFileType = wrapper.application; includeInIndex = 0; path = tip_calc.app; sourceTree = BUILT_PRODUCTS_DIR; };
		EF0F04AE1E146D5D002B9962 /* AppDelegate.swift */ = {isa = PBXFileReference; lastKnownFileType = sourcecode.swift; path = AppDelegate.swift; sourceTree = "<group>"; };
		EF0F04B11E146D5D002B9962 /* Base */ = {isa = PBXFileReference; lastKnownFileType = file.storyboard; name = Base; path = Base.lproj/Main.storyboard; sourceTree = "<group>"; };
		EF0F04B31E146D5D002B9962 /* Assets.xcassets */ = {isa = PBXFileReference; lastKnownFileType = folder.assetcatalog; path = Assets.xcassets; sourceTree = "<group>"; };
		EF0F04B61E146D5D002B9962 /* Base */ = {isa = PBXFileReference; lastKnownFileType = file.storyboard; name = Base; path = Base.lproj/LaunchScreen.storyboard; sourceTree = "<group>"; };
		EF0F04B81E146D5D002B9962 /* Info.plist */ = {isa = PBXFileReference; lastKnownFileType = text.plist.xml; path = Info.plist; sourceTree = "<group>"; };
		EF0F04BD1E146D5D002B9962 /* tip_calcTests.xctest */ = {isa = PBXFileReference; explicitFileType = wrapper.cfbundle; includeInIndex = 0; path = tip_calcTests.xctest; sourceTree = BUILT_PRODUCTS_DIR; };
		EF0F04C11E146D5D002B9962 /* tip_calcTests.swift */ = {isa = PBXFileReference; lastKnownFileType = sourcecode.swift; path = tip_calcTests.swift; sourceTree = "<group>"; };
		EF0F04C31E146D5D002B9962 /* Info.plist */ = {isa = PBXFileReference; lastKnownFileType = text.plist.xml; path = Info.plist; sourceTree = "<group>"; };
		EF0F04C81E146D5D002B9962 /* tip_calcUITests.xctest */ = {isa = PBXFileReference; explicitFileType = wrapper.cfbundle; includeInIndex = 0; path = tip_calcUITests.xctest; sourceTree = BUILT_PRODUCTS_DIR; };
		EF0F04CC1E146D5D002B9962 /* tip_calcUITests.swift */ = {isa = PBXFileReference; lastKnownFileType = sourcecode.swift; path = tip_calcUITests.swift; sourceTree = "<group>"; };
		EF0F04CE1E146D5D002B9962 /* Info.plist */ = {isa = PBXFileReference; lastKnownFileType = text.plist.xml; path = Info.plist; sourceTree = "<group>"; };
		EF22608B1FB19530005A9B25 /* iphone_portrait_6_@2x.png */ = {isa = PBXFileReference; lastKnownFileType = image.png; name = "iphone_portrait_6_@2x.png"; path = "../../../Downloads/untitled folder/iphone_portrait_6_@2x.png"; sourceTree = "<group>"; };
		EF22608D1FB197D4005A9B25 /* Assets */ = {isa = PBXFileReference; lastKnownFileType = folder; name = Assets; path = "../../../Downloads/untitled folder/Assets"; sourceTree = "<group>"; };
		EF22608F1FB197F2005A9B25 /* Icon-60@3x.png */ = {isa = PBXFileReference; lastKnownFileType = image.png; name = "Icon-60@3x.png"; path = "../../../Downloads/untitled folder/Assets/App Icon/Icon-60@3x.png"; sourceTree = "<group>"; };
		EF771F421E20EC0100FF876F /* SettingsViewController.swift */ = {isa = PBXFileReference; fileEncoding = 4; lastKnownFileType = sourcecode.swift; path = SettingsViewController.swift; sourceTree = "<group>"; };
		EF9AA8611E30C1F4000D62A4 /* Style.swift */ = {isa = PBXFileReference; fileEncoding = 4; lastKnownFileType = sourcecode.swift; path = Style.swift; sourceTree = "<group>"; };
		EFFF41BA1E30E83F003E42A4 /* ViewController.swift */ = {isa = PBXFileReference; fileEncoding = 4; lastKnownFileType = sourcecode.swift; path = ViewController.swift; sourceTree = "<group>"; };
/* End PBXFileReference section */

/* Begin PBXFrameworksBuildPhase section */
		EF0F04A61E146D5D002B9962 /* Frameworks */ = {
			isa = PBXFrameworksBuildPhase;
			buildActionMask = 2147483647;
			files = (
			);
			runOnlyForDeploymentPostprocessing = 0;
		};
		EF0F04BA1E146D5D002B9962 /* Frameworks */ = {
			isa = PBXFrameworksBuildPhase;
			buildActionMask = 2147483647;
			files = (
			);
			runOnlyForDeploymentPostprocessing = 0;
		};
		EF0F04C51E146D5D002B9962 /* Frameworks */ = {
			isa = PBXFrameworksBuildPhase;
			buildActionMask = 2147483647;
			files = (
			);
			runOnlyForDeploymentPostprocessing = 0;
		};
/* End PBXFrameworksBuildPhase section */

/* Begin PBXGroup section */
		EF0F04A01E146D5D002B9962 = {
			isa = PBXGroup;
			children = (
				EF9AA8611E30C1F4000D62A4 /* Style.swift */,
				EF0F04AB1E146D5D002B9962 /* tip_calc */,
				EF0F04C01E146D5D002B9962 /* tip_calcTests */,
				EF0F04CB1E146D5D002B9962 /* tip_calcUITests */,
				EF0F04AA1E146D5D002B9962 /* Products */,
			);
			sourceTree = "<group>";
		};
		EF0F04AA1E146D5D002B9962 /* Products */ = {
			isa = PBXGroup;
			children = (
				EF0F04A91E146D5D002B9962 /* tip_calc.app */,
				EF0F04BD1E146D5D002B9962 /* tip_calcTests.xctest */,
				EF0F04C81E146D5D002B9962 /* tip_calcUITests.xctest */,
			);
			name = Products;
			sourceTree = "<group>";
		};
		EF0F04AB1E146D5D002B9962 /* tip_calc */ = {
			isa = PBXGroup;
			children = (
				EFFF41BA1E30E83F003E42A4 /* ViewController.swift */,
				EF0F04AE1E146D5D002B9962 /* AppDelegate.swift */,
				EF771F421E20EC0100FF876F /* SettingsViewController.swift */,
				EF0F04B01E146D5D002B9962 /* Main.storyboard */,
				EF0F04B31E146D5D002B9962 /* Assets.xcassets */,
				EF22608F1FB197F2005A9B25 /* Icon-60@3x.png */,
				EF22608D1FB197D4005A9B25 /* Assets */,
				EF0F04B51E146D5D002B9962 /* LaunchScreen.storyboard */,
				EF22608B1FB19530005A9B25 /* iphone_portrait_6_@2x.png */,
				EF0F04B81E146D5D002B9962 /* Info.plist */,
			);
			path = tip_calc;
			sourceTree = "<group>";
		};
		EF0F04C01E146D5D002B9962 /* tip_calcTests */ = {
			isa = PBXGroup;
			children = (
				EF0F04C11E146D5D002B9962 /* tip_calcTests.swift */,
				EF0F04C31E146D5D002B9962 /* Info.plist */,
			);
			path = tip_calcTests;
			sourceTree = "<group>";
		};
		EF0F04CB1E146D5D002B9962 /* tip_calcUITests */ = {
			isa = PBXGroup;
			children = (
				EF0F04CC1E146D5D002B9962 /* tip_calcUITests.swift */,
				EF0F04CE1E146D5D002B9962 /* Info.plist */,
			);
			path = tip_calcUITests;
			sourceTree = "<group>";
		};
/* End PBXGroup section */

/* Begin PBXNativeTarget section */
		EF0F04A81E146D5D002B9962 /* tip_calc */ = {
			isa = PBXNativeTarget;
			buildConfigurationList = EF0F04D11E146D5D002B9962 /* Build configuration list for PBXNativeTarget "tip_calc" */;
			buildPhases = (
				EF0F04A51E146D5D002B9962 /* Sources */,
				EF0F04A61E146D5D002B9962 /* Frameworks */,
				EF0F04A71E146D5D002B9962 /* Resources */,
			);
			buildRules = (
			);
			dependencies = (
			);
			name = tip_calc;
			productName = tip_calc;
			productReference = EF0F04A91E146D5D002B9962 /* tip_calc.app */;
			productType = "com.apple.product-type.application";
		};
		EF0F04BC1E146D5D002B9962 /* tip_calcTests */ = {
			isa = PBXNativeTarget;
			buildConfigurationList = EF0F04D41E146D5D002B9962 /* Build configuration list for PBXNativeTarget "tip_calcTests" */;
			buildPhases = (
				EF0F04B91E146D5D002B9962 /* Sources */,
				EF0F04BA1E146D5D002B9962 /* Frameworks */,
				EF0F04BB1E146D5D002B9962 /* Resources */,
			);
			buildRules = (
			);
			dependencies = (
				EF0F04BF1E146D5D002B9962 /* PBXTargetDependency */,
			);
			name = tip_calcTests;
			productName = tip_calcTests;
			productReference = EF0F04BD1E146D5D002B9962 /* tip_calcTests.xctest */;
			productType = "com.apple.product-type.bundle.unit-test";
		};
		EF0F04C71E146D5D002B9962 /* tip_calcUITests */ = {
			isa = PBXNativeTarget;
			buildConfigurationList = EF0F04D71E146D5D002B9962 /* Build configuration list for PBXNativeTarget "tip_calcUITests" */;
			buildPhases = (
				EF0F04C41E146D5D002B9962 /* Sources */,
				EF0F04C51E146D5D002B9962 /* Frameworks */,
				EF0F04C61E146D5D002B9962 /* Resources */,
			);
			buildRules = (
			);
			dependencies = (
				EF0F04CA1E146D5D002B9962 /* PBXTargetDependency */,
			);
			name = tip_calcUITests;
			productName = tip_calcUITests;
			productReference = EF0F04C81E146D5D002B9962 /* tip_calcUITests.xctest */;
			productType = "com.apple.product-type.bundle.ui-testing";
		};
/* End PBXNativeTarget section */

/* Begin PBXProject section */
		EF0F04A11E146D5D002B9962 /* Project object */ = {
			isa = PBXProject;
			attributes = {
				LastSwiftUpdateCheck = 0720;
				LastUpgradeCheck = 0720;
				ORGANIZATIONNAME = "Gerard Recinto";
				TargetAttributes = {
					EF0F04A81E146D5D002B9962 = {
						CreatedOnToolsVersion = 7.2.1;
						DevelopmentTeam = R7C6985UMF;
						LastSwiftMigration = 0830;
					};
					EF0F04BC1E146D5D002B9962 = {
						CreatedOnToolsVersion = 7.2.1;
						LastSwiftMigration = 0830;
						TestTargetID = EF0F04A81E146D5D002B9962;
					};
					EF0F04C71E146D5D002B9962 = {
						CreatedOnToolsVersion = 7.2.1;
						LastSwiftMigration = 0830;
						TestTargetID = EF0F04A81E146D5D002B9962;
					};
				};
			};
			buildConfigurationList = EF0F04A41E146D5D002B9962 /* Build configuration list for PBXProject "tip_calc" */;
			compatibilityVersion = "Xcode 3.2";
			developmentRegion = English;
			hasScannedForEncodings = 0;
			knownRegions = (
				en,
				Base,
			);
			mainGroup = EF0F04A01E146D5D002B9962;
			productRefGroup = EF0F04AA1E146D5D002B9962 /* Products */;
			projectDirPath = "";
			projectRoot = "";
			targets = (
				EF0F04A81E146D5D002B9962 /* tip_calc */,
				EF0F04BC1E146D5D002B9962 /* tip_calcTests */,
				EF0F04C71E146D5D002B9962 /* tip_calcUITests */,
			);
		};
/* End PBXProject section */

/* Begin PBXResourcesBuildPhase section */
		EF0F04A71E146D5D002B9962 /* Resources */ = {
			isa = PBXResourcesBuildPhase;
			buildActionMask = 2147483647;
			files = (
				EF2260901FB197F2005A9B25 /* Icon-60@3x.png in Resources */,
				EF22608E1FB197D4005A9B25 /* Assets in Resources */,
				EF0F04B71E146D5D002B9962 /* LaunchScreen.storyboard in Resources */,
				EF22608C1FB19530005A9B25 /* iphone_portrait_6_@2x.png in Resources */,
				EF0F04B41E146D5D002B9962 /* Assets.xcassets in Resources */,
				EF0F04B21E146D5D002B9962 /* Main.storyboard in Resources */,
			);
			runOnlyForDeploymentPostprocessing = 0;
		};
		EF0F04BB1E146D5D002B9962 /* Resources */ = {
			isa = PBXResourcesBuildPhase;
			buildActionMask = 2147483647;
			files = (
			);
			runOnlyForDeploymentPostprocessing = 0;
		};
		EF0F04C61E146D5D002B9962 /* Resources */ = {
			isa = PBXResourcesBuildPhase;
			buildActionMask = 2147483647;
			files = (
			);
			runOnlyForDeploymentPostprocessing = 0;
		};
/* End PBXResourcesBuildPhase section */

/* Begin PBXSourcesBuildPhase section */
		EF0F04A51E146D5D002B9962 /* Sources */ = {
			isa = PBXSourcesBuildPhase;
			buildActionMask = 2147483647;
			files = (
				EF0F04AF1E146D5D002B9962 /* AppDelegate.swift in Sources */,
				EF771F431E20EC0100FF876F /* SettingsViewController.swift in Sources */,
				EFFF41BB1E30E83F003E42A4 /* ViewController.swift in Sources */,
				EF9AA8621E30C1F4000D62A4 /* Style.swift in Sources */,
			);
			runOnlyForDeploymentPostprocessing = 0;
		};
		EF0F04B91E146D5D002B9962 /* Sources */ = {
			isa = PBXSourcesBuildPhase;
			buildActionMask = 2147483647;
			files = (
				EF0F04C21E146D5D002B9962 /* tip_calcTests.swift in Sources */,
			);
			runOnlyForDeploymentPostprocessing = 0;
		};
		EF0F04C41E146D5D002B9962 /* Sources */ = {
			isa = PBXSourcesBuildPhase;
			buildActionMask = 2147483647;
			files = (
				EF0F04CD1E146D5D002B9962 /* tip_calcUITests.swift in Sources */,
			);
			runOnlyForDeploymentPostprocessing = 0;
		};
/* End PBXSourcesBuildPhase section */

/* Begin PBXTargetDependency section */
		EF0F04BF1E146D5D002B9962 /* PBXTargetDependency */ = {
			isa = PBXTargetDependency;
			target = EF0F04A81E146D5D002B9962 /* tip_calc */;
			targetProxy = EF0F04BE1E146D5D002B9962 /* PBXContainerItemProxy */;
		};
		EF0F04CA1E146D5D002B9962 /* PBXTargetDependency */ = {
			isa = PBXTargetDependency;
			target = EF0F04A81E146D5D002B9962 /* tip_calc */;
			targetProxy = EF0F04C91E146D5D002B9962 /* PBXContainerItemProxy */;
		};
/* End PBXTargetDependency section */

/* Begin PBXVariantGroup section */
		EF0F04B01E146D5D002B9962 /* Main.storyboard */ = {
			isa = PBXVariantGroup;
			children = (
				EF0F04B11E146D5D002B9962 /* Base */,
			);
			name = Main.storyboard;
			sourceTree = "<group>";
		};
		EF0F04B51E146D5D002B9962 /* LaunchScreen.storyboard */ = {
			isa = PBXVariantGroup;
			children = (
				EF0F04B61E146D5D002B9962 /* Base */,
			);
			name = LaunchScreen.storyboard;
			sourceTree = "<group>";
		};
/* End PBXVariantGroup section */

/* Begin XCBuildConfiguration section */
		EF0F04CF1E146D5D002B9962 /* Debug */ = {
			isa = XCBuildConfiguration;
			buildSettings = {
				ALWAYS_SEARCH_USER_PATHS = NO;
				CLANG_CXX_LANGUAGE_STANDARD = "gnu++0x";
				CLANG_CXX_LIBRARY = "libc++";
				CLANG_ENABLE_MODULES = YES;
				CLANG_ENABLE_OBJC_ARC = YES;
				CLANG_WARN_BOOL_CONVERSION = YES;
				CLANG_WARN_CONSTANT_CONVERSION = YES;
				CLANG_WARN_DIRECT_OBJC_ISA_USAGE = YES_ERROR;
				CLANG_WARN_EMPTY_BODY = YES;
				CLANG_WARN_ENUM_CONVERSION = YES;
				CLANG_WARN_INT_CONVERSION = YES;
				CLANG_WARN_OBJC_ROOT_CLASS = YES_ERROR;
				CLANG_WARN_UNREACHABLE_CODE = YES;
				CLANG_WARN__DUPLICATE_METHOD_MATCH = YES;
				"CODE_SIGN_IDENTITY[sdk=iphoneos*]" = "iPhone Developer";
				COPY_PHASE_STRIP = NO;
				DEBUG_INFORMATION_FORMAT = dwarf;
				ENABLE_STRICT_OBJC_MSGSEND = YES;
				ENABLE_TESTABILITY = YES;
				GCC_C_LANGUAGE_STANDARD = gnu99;
				GCC_DYNAMIC_NO_PIC = NO;
				GCC_NO_COMMON_BLOCKS = YES;
				GCC_OPTIMIZATION_LEVEL = 0;
				GCC_PREPROCESSOR_DEFINITIONS = (
					"DEBUG=1",
					"$(inherited)",
				);
				GCC_WARN_64_TO_32_BIT_CONVERSION = YES;
				GCC_WARN_ABOUT_RETURN_TYPE = YES_ERROR;
				GCC_WARN_UNDECLARED_SELECTOR = YES;
				GCC_WARN_UNINITIALIZED_AUTOS = YES_AGGRESSIVE;
				GCC_WARN_UNUSED_FUNCTION = YES;
				GCC_WARN_UNUSED_VARIABLE = YES;
				IPHONEOS_DEPLOYMENT_TARGET = 9.2;
				MTL_ENABLE_DEBUG_INFO = YES;
				ONLY_ACTIVE_ARCH = YES;
				SDKROOT = iphoneos;
				SWIFT_OPTIMIZATION_LEVEL = "-Onone";
			};
			name = Debug;
		};
		EF0F04D01E146D5D002B9962 /* Release */ = {
			isa = XCBuildConfiguration;
			buildSettings = {
				ALWAYS_SEARCH_USER_PATHS = NO;
				CLANG_CXX_LANGUAGE_STANDARD = "gnu++0x";
				CLANG_CXX_LIBRARY = "libc++";
				CLANG_ENABLE_MODULES = YES;
				CLANG_ENABLE_OBJC_ARC = YES;
				CLANG_WARN_BOOL_CONVERSION = YES;
				CLANG_WARN_CONSTANT_CONVERSION = YES;
				CLANG_WARN_DIRECT_OBJC_ISA_USAGE = YES_ERROR;
				CLANG_WARN_EMPTY_BODY = YES;
				CLANG_WARN_ENUM_CONVERSION = YES;
				CLANG_WARN_INT_CONVERSION = YES;
				CLANG_WARN_OBJC_ROOT_CLASS = YES_ERROR;
				CLANG_WARN_UNREACHABLE_CODE = YES;
				CLANG_WARN__DUPLICATE_METHOD_MATCH = YES;
				"CODE_SIGN_IDENTITY[sdk=iphoneos*]" = "iPhone Developer";
				COPY_PHASE_STRIP = NO;
				DEBUG_INFORMATION_FORMAT = "dwarf-with-dsym";
				ENABLE_NS_ASSERTIONS = NO;
				ENABLE_STRICT_OBJC_MSGSEND = YES;
				GCC_C_LANGUAGE_STANDARD = gnu99;
				GCC_NO_COMMON_BLOCKS = YES;
				GCC_WARN_64_TO_32_BIT_CONVERSION = YES;
				GCC_WARN_ABOUT_RETURN_TYPE = YES_ERROR;
				GCC_WARN_UNDECLARED_SELECTOR = YES;
				GCC_WARN_UNINITIALIZED_AUTOS = YES_AGGRESSIVE;
				GCC_WARN_UNUSED_FUNCTION = YES;
				GCC_WARN_UNUSED_VARIABLE = YES;
				IPHONEOS_DEPLOYMENT_TARGET = 9.2;
				MTL_ENABLE_DEBUG_INFO = NO;
				SDKROOT = iphoneos;
				VALIDATE_PRODUCT = YES;
			};
			name = Release;
		};
		EF0F04D21E146D5D002B9962 /* Debug */ = {
			isa = XCBuildConfiguration;
			buildSettings = {
				ASSETCATALOG_COMPILER_APPICON_NAME = AppIcon;
				CODE_SIGN_IDENTITY = "iPhone Developer";
				"CODE_SIGN_IDENTITY[sdk=iphoneos*]" = "iPhone Developer";
				INFOPLIST_FILE = tip_calc/Info.plist;
				LD_RUNPATH_SEARCH_PATHS = "$(inherited) @executable_path/Frameworks";
				PRODUCT_BUNDLE_IDENTIFIER = "XC-com-codepath-tip-calc";
				PRODUCT_NAME = "$(TARGET_NAME)";
				PROVISIONING_PROFILE = "";
				SWIFT_VERSION = 6.0;
			};
			name = Debug;
		};
		EF0F04D31E146D5D002B9962 /* Release */ = {
			isa = XCBuildConfiguration;
			buildSettings = {
				ASSETCATALOG_COMPILER_APPICON_NAME = AppIcon;
				CODE_SIGN_IDENTITY = "iPhone Developer";
				"CODE_SIGN_IDENTITY[sdk=iphoneos*]" = "iPhone Developer";
				INFOPLIST_FILE = tip_calc/Info.plist;
				LD_RUNPATH_SEARCH_PATHS = "$(inherited) @executable_path/Frameworks";
				PRODUCT_BUNDLE_IDENTIFIER = "XC-com-codepath-tip-calc";
				PRODUCT_NAME = "$(TARGET_NAME)";
				PROVISIONING_PROFILE = "";
				SWIFT_VERSION = 6.0;
			};
			name = Release;
		};
		EF0F04D51E146D5D002B9962 /* Debug */ = {
			isa = XCBuildConfiguration;
			buildSettings = {
				BUNDLE_LOADER = "$(TEST_HOST)";
				INFOPLIST_FILE = tip_calcTests/Info.plist;
				LD_RUNPATH_SEARCH_PATHS = "$(inherited) @executable_path/Frameworks @loader_path/Frameworks";
				PRODUCT_BUNDLE_IDENTIFIER = "com.codepath.tip-calcTests";
				PRODUCT_NAME = "$(TARGET_NAME)";
				SWIFT_VERSION = 6.0;
				TEST_HOST = "$(BUILT_PRODUCTS_DIR)/tip_calc.app/tip_calc";
			};
			name = Debug;
		};
		EF0F04D61E146D5D002B9962 /* Release */ = {
			isa = XCBuildConfiguration;
			buildSettings = {
				BUNDLE_LOADER = "$(TEST_HOST)";
				INFOPLIST_FILE = tip_calcTests/Info.plist;
				LD_RUNPATH_SEARCH_PATHS = "$(inherited) @executable_path/Frameworks @loader_path/Frameworks";
				PRODUCT_BUNDLE_IDENTIFIER = "com.codepath.tip-calcTests";
				PRODUCT_NAME = "$(TARGET_NAME)";
				SWIFT_VERSION = 6.0;
				TEST_HOST = "$(BUILT_PRODUCTS_DIR)/tip_calc.app/tip_calc";
			};
			name = Release;
		};
		EF0F04D81E146D5D002B9962 /* Debug */ = {
			isa = XCBuildConfiguration;
			buildSettings = {
				INFOPLIST_FILE = tip_calcUITests/Info.plist;
				LD_RUNPATH_SEARCH_PATHS = "$(inherited) @executable_path/Frameworks @loader_path/Frameworks";
				PRODUCT_BUNDLE_IDENTIFIER = "com.codepath.tip-calcUITests";
				PRODUCT_NAME = "$(TARGET_NAME)";
				SWIFT_VERSION = 6.0;
				TEST_TARGET_NAME = tip_calc;
				USES_XCTRUNNER = YES;
			};
			name = Debug;
		};
		EF0F04D91E146D5D002B9962 /* Release */ = {
			isa = XCBuildConfiguration;
			buildSettings = {
				INFOPLIST_FILE = tip_calcUITests/Info.plist;
				LD_RUNPATH_SEARCH_PATHS = "$(inherited) @executable_path/Frameworks @loader_path/Frameworks";
				PRODUCT_BUNDLE_IDENTIFIER = "com.codepath.tip-calcUITests";
				PRODUCT_NAME = "$(TARGET_NAME)";
				SWIFT_VERSION = 6.0;
				TEST_TARGET_NAME = tip_calc;
				USES_XCTRUNNER = YES;
			};
			name = Release;
		};
/* End XCBuildConfiguration section */

/* Begin XCConfigurationList section */
		EF0F04A41E146D5D002B9962 /* Build configuration list for PBXProject "tip_calc" */ = {
			isa = XCConfigurationList;
			buildConfigurations = (
				EF0F04CF1E146D5D002B9962 /* Debug */,
				EF0F04D01E146D5D002B9962 /* Release */,
			);
			defaultConfigurationIsVisible = 0;
			defaultConfigurationName = Release;
		};
		EF0F04D11E146D5D002B9962 /* Build configuration list for PBXNativeTarget "tip_calc" */ = {
			isa = XCConfigurationList;
			buildConfigurations = (
				EF0F04D21E146D5D002B9962 /* Debug */,
				EF0F04D31E146D5D002B9962 /* Release */,
			);
			defaultConfigurationIsVisible = 0;
			defaultConfigurationName = Release;
		};
		EF0F04D41E146D5D002B9962 /* Build configuration list for PBXNativeTarget "tip_calcTests" */ = {
			isa = XCConfigurationList;
			buildConfigurations = (
				EF0F04D51E146D5D002B9962 /* Debug */,
				EF0F04D61E146D5D002B9962 /* Release */,
			);
			defaultConfigurationIsVisible = 0;
			defaultConfigurationName = Release;
		};
		EF0F04D71E146D5D002B9962 /* Build configuration list for PBXNativeTarget "tip_calcUITests" */ = {
			isa = XCConfigurationList;
			buildConfigurations = (
				EF0F04D81E146D5D002B9962 /* Debug */,
				EF0F04D91E146D5D002B9962 /* Release */,
			);
			defaultConfigurationIsVisible = 0;
			defaultConfigurationName = Release;
		};
/* End XCConfigurationList section */
	};
	rootObject = EF0F04A11E146D5D002B9962 /* Project object */;
}
